
Microsoft Visual Studio Solution File, Format Version 12.00
# Visual Studio 15
VisualStudioVersion = 15.0.28307.136
MinimumVisualStudioVersion = 10.0.40219.1
Project("{8BC9CEB8-8B4A-11D0-8D11-00A0C91BC942}") = "PortProxyScanner", "PortProxyScanner.vcxproj", "{B53F8063-2995-4D38-9D71-148B4E651C53}"
EndProject
Global
	GlobalSection(SolutionConfigurationPlatforms) = preSolution
		Debug|x64 = Debug|x64
		Debug|x86 = Debug|x86
		Release|x64 = Release|x64
		Release|x86 = Release|x86
	EndGlobalSection
	GlobalSection(ProjectConfigurationPlatforms) = postSolution
		{B53F8063-2995-4D38-9D71-148B4E651C53}.Debug|x64.ActiveCfg = Debug|x64
		{B53F8063-2995-4D38-9D71-148B4E651C53}.Debug|x64.Build.0 = Debug|x64
		{B53F8063-2995-4D38-9D71-148B4E651C53}.Debug|x86.ActiveCfg = Debug|Win32
		{B53F8063-2995-4D38-9D71-148B4E651C53}.Debug|x86.Build.0 = Debug|Win32
		{B53F8063-2995-4D38-9D71-148B4E651C53}.Release|x64.ActiveCfg = Release|x64
		{B53F8063-2995-4D38-9D71-148B4E651C53}.Release|x64.Build.0 = Release|x64
		{B53F8063-2995-4D38-9D71-148B4E651C53}.Release|x86.ActiveCfg = Release|Win32
		{B53F8063-2995-4D38-9D71-148B4E651C53}.Release|x86.Build.0 = Release|Win32
	EndGlobalSection
	GlobalSection(SolutionProperties) = preSolution
		HideSolutionNode = FALSE
	EndGlobalSection
	GlobalSection(ExtensibilityGlobals) = postSolution
		SolutionGuid = {9860E156-8481-472A-B10C-77AE4FF970E0}
	EndGlobalSection
EndGlobal
